
Microsoft Visual Studio Solution File, Format Version 12.00
# Visual Studio Version 17
VisualStudioVersion = 17.0.32112.339
MinimumVisualStudioVersion = 10.0.40219.1
Project("{FAE04EC0-301F-11D3-BF4B-00C04F79EFBC}") = "ExercícioExtra.ConsoleApp", "ExercícioExtra.ConsoleApp\ExercícioExtra.ConsoleApp.csproj", "{95457A57-82B9-4499-B9CD-F6428C1B4B0D}"
EndProject
Project("{2150E333-8FDC-42A3-9474-1A3956D46DE8}") = "Solution Items", "Solution Items", "{EE58FF8E-B508-482B-8C01-106AD1CF77E3}"
	ProjectSection(SolutionItems) = preProject
		.editorconfig = .editorconfig
	EndProjectSection
EndProject
Global
	GlobalSection(SolutionConfigurationPlatforms) = preSolution
		Debug|Any CPU = Debug|Any CPU
		Release|Any CPU = Release|Any CPU
	EndGlobalSection
	GlobalSection(ProjectConfigurationPlatforms) = postSolution
		{95457A57-82B9-4499-B9CD-F6428C1B4B0D}.Debug|Any CPU.ActiveCfg = Debug|Any CPU
		{95457A57-82B9-4499-B9CD-F6428C1B4B0D}.Debug|Any CPU.Build.0 = Debug|Any CPU
		{95457A57-82B9-4499-B9CD-F6428C1B4B0D}.Release|Any CPU.ActiveCfg = Release|Any CPU
		{95457A57-82B9-4499-B9CD-F6428C1B4B0D}.Release|Any CPU.Build.0 = Release|Any CPU
	EndGlobalSection
	GlobalSection(SolutionProperties) = preSolution
		HideSolutionNode = FALSE
	EndGlobalSection
	GlobalSection(ExtensibilityGlobals) = postSolution
		SolutionGuid = {E0F3F653-31A9-4DC4-A21D-91C2EE0AC31F}
	EndGlobalSection
EndGlobal
